
Microsoft Visual Studio Solution File, Format Version 12.00
# Visual Studio Version 17
VisualStudioVersion = 17.0.32126.317
MinimumVisualStudioVersion = 10.0.40219.1
Project("{2150E333-8FDC-42A3-9474-1A3956D46DE8}") = "Data", "Data", "{FCDDB005-675B-4DFF-A85C-A14AF76B416A}"
EndProject
Project("{2150E333-8FDC-42A3-9474-1A3956D46DE8}") = "Tests", "Tests", "{E6095617-4E4B-4D92-9497-C3E897DDC3BD}"
EndProject
Project("{2150E333-8FDC-42A3-9474-1A3956D46DE8}") = "Services", "Services", "{991DC17A-1E45-4547-8C34-6DA28A9053BC}"
EndProject
Project("{2150E333-8FDC-42A3-9474-1A3956D46DE8}") = "Web", "Web", "{7A5A3B9A-69E4-4D41-A81E-608B73E335C1}"
EndProject
Project("{9A19103F-16F7-4668-BE54-9A1E7A4F7556}") = "EzBuy.Data", "EzBuy.Data\EzBuy.Data.csproj", "{111C1DBC-5A8A-4342-A0E8-42BC35321422}"
EndProject
Project("{9A19103F-16F7-4668-BE54-9A1E7A4F7556}") = "EzBuy.Models", "EzBuy.Models\EzBuy.Models.csproj", "{E5645143-B865-491D-8A4E-C827BA56B722}"
EndProject
Project("{9A19103F-16F7-4668-BE54-9A1E7A4F7556}") = "EzBuy.Services", "EzBuy.Services\EzBuy.Services.csproj", "{C3546A60-1D6E-4DFB-8B13-AE9F0A36C40C}"
EndProject
Project("{9A19103F-16F7-4668-BE54-9A1E7A4F7556}") = "EzBuy.Tests", "EzBuy.Tests\EzBuy.Tests.csproj", "{EE9CF93E-0251-4A78-A9E3-428C65F5AFD1}"
EndProject
Project("{9A19103F-16F7-4668-BE54-9A1E7A4F7556}") = "EzBuy.Web", "EzBuy.Web\EzBuy.Web.csproj", "{6FFAD117-1DF0-4641-9004-9890C47A3451}"
EndProject
Project("{9A19103F-16F7-4668-BE54-9A1E7A4F7556}") = "EzBuy.InputModels", "EzBuy.InputModels\EzBuy.InputModels.csproj", "{8DFDB6C5-A133-421C-8A3F-30086479214F}"
EndProject
Project("{9A19103F-16F7-4668-BE54-9A1E7A4F7556}") = "EzBuy.ViewModels", "EzBuy.ViewModels\EzBuy.ViewModels.csproj", "{0E3BE7D0-6A2A-4C0E-9EC5-F428D14B2D84}"
EndProject
Global
	GlobalSection(SolutionConfigurationPlatforms) = preSolution
		Debug|Any CPU = Debug|Any CPU
		Release|Any CPU = Release|Any CPU
	EndGlobalSection
	GlobalSection(ProjectConfigurationPlatforms) = postSolution
		{111C1DBC-5A8A-4342-A0E8-42BC35321422}.Debug|Any CPU.ActiveCfg = Debug|Any CPU
		{111C1DBC-5A8A-4342-A0E8-42BC35321422}.Debug|Any CPU.Build.0 = Debug|Any CPU
		{111C1DBC-5A8A-4342-A0E8-42BC35321422}.Release|Any CPU.ActiveCfg = Release|Any CPU
		{111C1DBC-5A8A-4342-A0E8-42BC35321422}.Release|Any CPU.Build.0 = Release|Any CPU
		{E5645143-B865-491D-8A4E-C827BA56B722}.Debug|Any CPU.ActiveCfg = Debug|Any CPU
		{E5645143-B865-491D-8A4E-C827BA56B722}.Debug|Any CPU.Build.0 = Debug|Any CPU
		{E5645143-B865-491D-8A4E-C827BA56B722}.Release|Any CPU.ActiveCfg = Release|Any CPU
		{E5645143-B865-491D-8A4E-C827BA56B722}.Release|Any CPU.Build.0 = Release|Any CPU
		{C3546A60-1D6E-4DFB-8B13-AE9F0A36C40C}.Debug|Any CPU.ActiveCfg = Debug|Any CPU
		{C3546A60-1D6E-4DFB-8B13-AE9F0A36C40C}.Debug|Any CPU.Build.0 = Debug|Any CPU
		{C3546A60-1D6E-4DFB-8B13-AE9F0A36C40C}.Release|Any CPU.ActiveCfg = Release|Any CPU
		{C3546A60-1D6E-4DFB-8B13-AE9F0A36C40C}.Release|Any CPU.Build.0 = Release|Any CPU
		{EE9CF93E-0251-4A78-A9E3-428C65F5AFD1}.Debug|Any CPU.ActiveCfg = Debug|Any CPU
		{EE9CF93E-0251-4A78-A9E3-428C65F5AFD1}.Debug|Any CPU.Build.0 = Debug|Any CPU
		{EE9CF93E-0251-4A78-A9E3-428C65F5AFD1}.Release|Any CPU.ActiveCfg = Release|Any CPU
		{EE9CF93E-0251-4A78-A9E3-428C65F5AFD1}.Release|Any CPU.Build.0 = Release|Any CPU
		{6FFAD117-1DF0-4641-9004-9890C47A3451}.Debug|Any CPU.ActiveCfg = Debug|Any CPU
		{6FFAD117-1DF0-4641-9004-9890C47A3451}.Debug|Any CPU.Build.0 = Debug|Any CPU
		{6FFAD117-1DF0-4641-9004-9890C47A3451}.Release|Any CPU.ActiveCfg = Release|Any CPU
		{6FFAD117-1DF0-4641-9004-9890C47A3451}.Release|Any CPU.Build.0 = Release|Any CPU
		{8DFDB6C5-A133-421C-8A3F-30086479214F}.Debug|Any CPU.ActiveCfg = Debug|Any CPU
		{8DFDB6C5-A133-421C-8A3F-30086479214F}.Debug|Any CPU.Build.0 = Debug|Any CPU
		{8DFDB6C5-A133-421C-8A3F-30086479214F}.Release|Any CPU.ActiveCfg = Release|Any CPU
		{8DFDB6C5-A133-421C-8A3F-30086479214F}.Release|Any CPU.Build.0 = Release|Any CPU
		{0E3BE7D0-6A2A-4C0E-9EC5-F428D14B2D84}.Debug|Any CPU.ActiveCfg = Debug|Any CPU
		{0E3BE7D0-6A2A-4C0E-9EC5-F428D14B2D84}.Debug|Any CPU.Build.0 = Debug|Any CPU
		{0E3BE7D0-6A2A-4C0E-9EC5-F428D14B2D84}.Release|Any CPU.ActiveCfg = Release|Any CPU
		{0E3BE7D0-6A2A-4C0E-9EC5-F428D14B2D84}.Release|Any CPU.Build.0 = Release|Any CPU
	EndGlobalSection
	GlobalSection(SolutionProperties) = preSolution
		HideSolutionNode = FALSE
	EndGlobalSection
	GlobalSection(NestedProjects) = preSolution
		{111C1DBC-5A8A-4342-A0E8-42BC35321422} = {FCDDB005-675B-4DFF-A85C-A14AF76B416A}
		{E5645143-B865-491D-8A4E-C827BA56B722} = {FCDDB005-675B-4DFF-A85C-A14AF76B416A}
		{C3546A60-1D6E-4DFB-8B13-AE9F0A36C40C} = {991DC17A-1E45-4547-8C34-6DA28A9053BC}
		{EE9CF93E-0251-4A78-A9E3-428C65F5AFD1} = {E6095617-4E4B-4D92-9497-C3E897DDC3BD}
		{6FFAD117-1DF0-4641-9004-9890C47A3451} = {7A5A3B9A-69E4-4D41-A81E-608B73E335C1}
		{8DFDB6C5-A133-421C-8A3F-30086479214F} = {7A5A3B9A-69E4-4D41-A81E-608B73E335C1}
		{0E3BE7D0-6A2A-4C0E-9EC5-F428D14B2D84} = {7A5A3B9A-69E4-4D41-A81E-608B73E335C1}
	EndGlobalSection
	GlobalSection(ExtensibilityGlobals) = postSolution
		SolutionGuid = {F3A4539F-88DB-4C85-8B0A-AF4D763E22AA}
	EndGlobalSection
EndGlobal
